
Microsoft Visual Studio Solution File, Format Version 12.00
# Visual Studio 15
Project("{FAE04EC0-301F-11D3-BF4B-00C04F79EFBC}") = "Lab-Countries", "Lab-Countries\Lab-Countries.csproj", "{260B9974-7153-4FF3-B364-B738D8316A89}"
EndProject
Global
	GlobalSection(SolutionConfigurationPlatforms) = preSolution
		Debug|Any CPU = Debug|Any CPU
		Release|Any CPU = Release|Any CPU
	EndGlobalSection
	GlobalSection(ProjectConfigurationPlatforms) = postSolution
		{260B9974-7153-4FF3-B364-B738D8316A89}.Debug|Any CPU.ActiveCfg = Debug|Any CPU
		{260B9974-7153-4FF3-B364-B738D8316A89}.Debug|Any CPU.Build.0 = Debug|Any CPU
		{260B9974-7153-4FF3-B364-B738D8316A89}.Release|Any CPU.ActiveCfg = Release|Any CPU
		{260B9974-7153-4FF3-B364-B738D8316A89}.Release|Any CPU.Build.0 = Release|Any CPU
	EndGlobalSection
EndGlobal
